{
  "requires": true,
  "lockfileVersion": 1,
  "dependencies": {
    "jaworsfold-frame-print": {
      "version": "1.0.0",
      "resolved": "https://registry.npmjs.org/jaworsfold-frame-print/-/jaworsfold-frame-print-1.0.0.tgz",
      "integrity": "sha512-NOyTY7NUyetANIexsVFVZMl7IwfybzmWjbT9wI8f498sR7H96JfWa9tJoGwvL7jek9JRdBo5eDrE8jIxlJ/beQ=="
    }
  }
}
